
Microsoft Visual Studio Solution File, Format Version 12.00
# Visual Studio Version 17
VisualStudioVersion = 17.2.32630.192
MinimumVisualStudioVersion = 10.0.40219.1
Project("{9A19103F-16F7-4668-BE54-9A1E7A4F7556}") = "R5T.F0070.Construction", "R5T.F0070.Construction\R5T.F0070.Construction.csproj", "{A64FAA55-4F48-4052-B54A-1E1105BDFDEA}"
EndProject
Project("{9A19103F-16F7-4668-BE54-9A1E7A4F7556}") = "R5T.F0070", "R5T.F0070\R5T.F0070.csproj", "{B03C4DE1-9A05-4D29-979E-EE80EED78608}"
EndProject
Project("{2150E333-8FDC-42A3-9474-1A3956D46DE8}") = "_Dependencies", "_Dependencies", "{33E1CA6A-250F-49E9-8102-27467A4B4061}"
EndProject
Project("{9A19103F-16F7-4668-BE54-9A1E7A4F7556}") = "R5T.T0132", "..\..\R5T.T0132\source\R5T.T0132\R5T.T0132.csproj", "{6C607378-9866-4786-AE8B-DFFE56A7CC6E}"
EndProject
Project("{9A19103F-16F7-4668-BE54-9A1E7A4F7556}") = "R5T.T0131", "..\..\R5T.T0131\source\R5T.T0131\R5T.T0131.csproj", "{C2354B62-5AE7-4171-92DF-808182EC0C84}"
EndProject
Project("{9A19103F-16F7-4668-BE54-9A1E7A4F7556}") = "R5T.Z0015", "..\..\R5T.Z0015\source\R5T.Z0015\R5T.Z0015.csproj", "{2FE85DF6-574C-4697-A2A4-5960D89D739F}"
EndProject
Project("{9A19103F-16F7-4668-BE54-9A1E7A4F7556}") = "R5T.F0000", "..\..\R5T.F0000\source\R5T.F0000\R5T.F0000.csproj", "{C532D3A3-1B6A-49CC-855A-DD6C0C03AB97}"
EndProject
Project("{9A19103F-16F7-4668-BE54-9A1E7A4F7556}") = "R5T.F0032", "..\..\R5T.F0032\source\R5T.F0032\R5T.F0032.csproj", "{02DBCECB-13EB-4B55-B8A1-859018B95189}"
EndProject
Project("{9A19103F-16F7-4668-BE54-9A1E7A4F7556}") = "R5T.F0000.F001", "..\..\R5T.F0000\source\R5T.F0000.F001\R5T.F0000.F001.csproj", "{B74EFC97-B25D-45FF-B7C7-42BAE8A1C9A0}"
EndProject
Project("{9A19103F-16F7-4668-BE54-9A1E7A4F7556}") = "R5T.Z0016", "..\..\R5T.Z0016\source\R5T.Z0016\R5T.Z0016.csproj", "{833990EC-96CB-4944-8C1B-1CB95FA6A843}"
EndProject
Project("{9A19103F-16F7-4668-BE54-9A1E7A4F7556}") = "R5T.F0002", "..\..\R5T.F0002\source\R5T.F0002\R5T.F0002.csproj", "{8C7FEE31-E6B6-48CD-9B6D-F1102C206DFC}"
EndProject
Project("{9A19103F-16F7-4668-BE54-9A1E7A4F7556}") = "R5T.NG0008", "..\..\R5T.NG0008\source\R5T.NG0008\R5T.NG0008.csproj", "{6DF88C5C-5247-449A-B43C-C84D382540D2}"
EndProject
Project("{9A19103F-16F7-4668-BE54-9A1E7A4F7556}") = "R5T.T0142", "..\..\R5T.T0142\source\R5T.T0142\R5T.T0142.csproj", "{BFC4953E-C4E5-4231-B115-DDDF658E5327}"
EndProject
Project("{9A19103F-16F7-4668-BE54-9A1E7A4F7556}") = "R5T.T0143", "..\..\R5T.T0143\source\R5T.T0143\R5T.T0143.csproj", "{2D0E65E2-000C-4E0F-A363-9E0341049FBE}"
EndProject
Project("{9A19103F-16F7-4668-BE54-9A1E7A4F7556}") = "R5T.Y0000", "..\..\R5T.Y0000\source\R5T.Y0000\R5T.Y0000.csproj", "{D766EA44-034E-4A89-8553-3AD2A76F6F76}"
EndProject
Project("{9A19103F-16F7-4668-BE54-9A1E7A4F7556}") = "R5T.Z0000", "..\..\R5T.Z0000\source\R5T.Z0000\R5T.Z0000.csproj", "{9152AA05-10C8-4ECC-9295-41D69644D12C}"
EndProject
Project("{9A19103F-16F7-4668-BE54-9A1E7A4F7556}") = "R5T.NG0006", "..\..\R5T.NG0006\source\R5T.NG0006\R5T.NG0006.csproj", "{11D0BC8D-E512-42C2-9759-C7E7AA1AEE20}"
EndProject
Project("{9A19103F-16F7-4668-BE54-9A1E7A4F7556}") = "R5T.F0059", "..\..\R5T.F0059\source\R5T.F0059\R5T.F0059.csproj", "{9AA58A01-55EB-4632-8348-E0F2197020C5}"
EndProject
Project("{9A19103F-16F7-4668-BE54-9A1E7A4F7556}") = "R5T.F0035", "..\..\R5T.F0035\source\R5T.F0035\R5T.F0035.csproj", "{DCB8508B-D546-4DF5-8670-DB7117E48C97}"
EndProject
Project("{9A19103F-16F7-4668-BE54-9A1E7A4F7556}") = "R5T.F0036", "..\..\R5T.F0036\source\R5T.F0036\R5T.F0036.csproj", "{1296B7B0-2659-4F7E-A087-B4DA96C12E94}"
EndProject
Global
	GlobalSection(SolutionConfigurationPlatforms) = preSolution
		Debug|Any CPU = Debug|Any CPU
		Release|Any CPU = Release|Any CPU
	EndGlobalSection
	GlobalSection(ProjectConfigurationPlatforms) = postSolution
		{A64FAA55-4F48-4052-B54A-1E1105BDFDEA}.Debug|Any CPU.ActiveCfg = Debug|Any CPU
		{A64FAA55-4F48-4052-B54A-1E1105BDFDEA}.Debug|Any CPU.Build.0 = Debug|Any CPU
		{A64FAA55-4F48-4052-B54A-1E1105BDFDEA}.Release|Any CPU.ActiveCfg = Release|Any CPU
		{A64FAA55-4F48-4052-B54A-1E1105BDFDEA}.Release|Any CPU.Build.0 = Release|Any CPU
		{B03C4DE1-9A05-4D29-979E-EE80EED78608}.Debug|Any CPU.ActiveCfg = Debug|Any CPU
		{B03C4DE1-9A05-4D29-979E-EE80EED78608}.Debug|Any CPU.Build.0 = Debug|Any CPU
		{B03C4DE1-9A05-4D29-979E-EE80EED78608}.Release|Any CPU.ActiveCfg = Release|Any CPU
		{B03C4DE1-9A05-4D29-979E-EE80EED78608}.Release|Any CPU.Build.0 = Release|Any CPU
		{6C607378-9866-4786-AE8B-DFFE56A7CC6E}.Debug|Any CPU.ActiveCfg = Debug|Any CPU
		{6C607378-9866-4786-AE8B-DFFE56A7CC6E}.Debug|Any CPU.Build.0 = Debug|Any CPU
		{6C607378-9866-4786-AE8B-DFFE56A7CC6E}.Release|Any CPU.ActiveCfg = Release|Any CPU
		{6C607378-9866-4786-AE8B-DFFE56A7CC6E}.Release|Any CPU.Build.0 = Release|Any CPU
		{C2354B62-5AE7-4171-92DF-808182EC0C84}.Debug|Any CPU.ActiveCfg = Debug|Any CPU
		{C2354B62-5AE7-4171-92DF-808182EC0C84}.Debug|Any CPU.Build.0 = Debug|Any CPU
		{C2354B62-5AE7-4171-92DF-808182EC0C84}.Release|Any CPU.ActiveCfg = Release|Any CPU
		{C2354B62-5AE7-4171-92DF-808182EC0C84}.Release|Any CPU.Build.0 = Release|Any CPU
		{2FE85DF6-574C-4697-A2A4-5960D89D739F}.Debug|Any CPU.ActiveCfg = Debug|Any CPU
		{2FE85DF6-574C-4697-A2A4-5960D89D739F}.Debug|Any CPU.Build.0 = Debug|Any CPU
		{2FE85DF6-574C-4697-A2A4-5960D89D739F}.Release|Any CPU.ActiveCfg = Release|Any CPU
		{2FE85DF6-574C-4697-A2A4-5960D89D739F}.Release|Any CPU.Build.0 = Release|Any CPU
		{C532D3A3-1B6A-49CC-855A-DD6C0C03AB97}.Debug|Any CPU.ActiveCfg = Debug|Any CPU
		{C532D3A3-1B6A-49CC-855A-DD6C0C03AB97}.Debug|Any CPU.Build.0 = Debug|Any CPU
		{C532D3A3-1B6A-49CC-855A-DD6C0C03AB97}.Release|Any CPU.ActiveCfg = Release|Any CPU
		{C532D3A3-1B6A-49CC-855A-DD6C0C03AB97}.Release|Any CPU.Build.0 = Release|Any CPU
		{02DBCECB-13EB-4B55-B8A1-859018B95189}.Debug|Any CPU.ActiveCfg = Debug|Any CPU
		{02DBCECB-13EB-4B55-B8A1-859018B95189}.Debug|Any CPU.Build.0 = Debug|Any CPU
		{02DBCECB-13EB-4B55-B8A1-859018B95189}.Release|Any CPU.ActiveCfg = Release|Any CPU
		{02DBCECB-13EB-4B55-B8A1-859018B95189}.Release|Any CPU.Build.0 = Release|Any CPU
		{B74EFC97-B25D-45FF-B7C7-42BAE8A1C9A0}.Debug|Any CPU.ActiveCfg = Debug|Any CPU
		{B74EFC97-B25D-45FF-B7C7-42BAE8A1C9A0}.Debug|Any CPU.Build.0 = Debug|Any CPU
		{B74EFC97-B25D-45FF-B7C7-42BAE8A1C9A0}.Release|Any CPU.ActiveCfg = Release|Any CPU
		{B74EFC97-B25D-45FF-B7C7-42BAE8A1C9A0}.Release|Any CPU.Build.0 = Release|Any CPU
		{833990EC-96CB-4944-8C1B-1CB95FA6A843}.Debug|Any CPU.ActiveCfg = Debug|Any CPU
		{833990EC-96CB-4944-8C1B-1CB95FA6A843}.Debug|Any CPU.Build.0 = Debug|Any CPU
		{833990EC-96CB-4944-8C1B-1CB95FA6A843}.Release|Any CPU.ActiveCfg = Release|Any CPU
		{833990EC-96CB-4944-8C1B-1CB95FA6A843}.Release|Any CPU.Build.0 = Release|Any CPU
		{8C7FEE31-E6B6-48CD-9B6D-F1102C206DFC}.Debug|Any CPU.ActiveCfg = Debug|Any CPU
		{8C7FEE31-E6B6-48CD-9B6D-F1102C206DFC}.Debug|Any CPU.Build.0 = Debug|Any CPU
		{8C7FEE31-E6B6-48CD-9B6D-F1102C206DFC}.Release|Any CPU.ActiveCfg = Release|Any CPU
		{8C7FEE31-E6B6-48CD-9B6D-F1102C206DFC}.Release|Any CPU.Build.0 = Release|Any CPU
		{6DF88C5C-5247-449A-B43C-C84D382540D2}.Debug|Any CPU.ActiveCfg = Debug|Any CPU
		{6DF88C5C-5247-449A-B43C-C84D382540D2}.Debug|Any CPU.Build.0 = Debug|Any CPU
		{6DF88C5C-5247-449A-B43C-C84D382540D2}.Release|Any CPU.ActiveCfg = Release|Any CPU
		{6DF88C5C-5247-449A-B43C-C84D382540D2}.Release|Any CPU.Build.0 = Release|Any CPU
		{BFC4953E-C4E5-4231-B115-DDDF658E5327}.Debug|Any CPU.ActiveCfg = Debug|Any CPU
		{BFC4953E-C4E5-4231-B115-DDDF658E5327}.Debug|Any CPU.Build.0 = Debug|Any CPU
		{BFC4953E-C4E5-4231-B115-DDDF658E5327}.Release|Any CPU.ActiveCfg = Release|Any CPU
		{BFC4953E-C4E5-4231-B115-DDDF658E5327}.Release|Any CPU.Build.0 = Release|Any CPU
		{2D0E65E2-000C-4E0F-A363-9E0341049FBE}.Debug|Any CPU.ActiveCfg = Debug|Any CPU
		{2D0E65E2-000C-4E0F-A363-9E0341049FBE}.Debug|Any CPU.Build.0 = Debug|Any CPU
		{2D0E65E2-000C-4E0F-A363-9E0341049FBE}.Release|Any CPU.ActiveCfg = Release|Any CPU
		{2D0E65E2-000C-4E0F-A363-9E0341049FBE}.Release|Any CPU.Build.0 = Release|Any CPU
		{D766EA44-034E-4A89-8553-3AD2A76F6F76}.Debug|Any CPU.ActiveCfg = Debug|Any CPU
		{D766EA44-034E-4A89-8553-3AD2A76F6F76}.Debug|Any CPU.Build.0 = Debug|Any CPU
		{D766EA44-034E-4A89-8553-3AD2A76F6F76}.Release|Any CPU.ActiveCfg = Release|Any CPU
		{D766EA44-034E-4A89-8553-3AD2A76F6F76}.Release|Any CPU.Build.0 = Release|Any CPU
		{9152AA05-10C8-4ECC-9295-41D69644D12C}.Debug|Any CPU.ActiveCfg = Debug|Any CPU
		{9152AA05-10C8-4ECC-9295-41D69644D12C}.Debug|Any CPU.Build.0 = Debug|Any CPU
		{9152AA05-10C8-4ECC-9295-41D69644D12C}.Release|Any CPU.ActiveCfg = Release|Any CPU
		{9152AA05-10C8-4ECC-9295-41D69644D12C}.Release|Any CPU.Build.0 = Release|Any CPU
		{11D0BC8D-E512-42C2-9759-C7E7AA1AEE20}.Debug|Any CPU.ActiveCfg = Debug|Any CPU
		{11D0BC8D-E512-42C2-9759-C7E7AA1AEE20}.Debug|Any CPU.Build.0 = Debug|Any CPU
		{11D0BC8D-E512-42C2-9759-C7E7AA1AEE20}.Release|Any CPU.ActiveCfg = Release|Any CPU
		{11D0BC8D-E512-42C2-9759-C7E7AA1AEE20}.Release|Any CPU.Build.0 = Release|Any CPU
		{9AA58A01-55EB-4632-8348-E0F2197020C5}.Debug|Any CPU.ActiveCfg = Debug|Any CPU
		{9AA58A01-55EB-4632-8348-E0F2197020C5}.Debug|Any CPU.Build.0 = Debug|Any CPU
		{9AA58A01-55EB-4632-8348-E0F2197020C5}.Release|Any CPU.ActiveCfg = Release|Any CPU
		{9AA58A01-55EB-4632-8348-E0F2197020C5}.Release|Any CPU.Build.0 = Release|Any CPU
		{DCB8508B-D546-4DF5-8670-DB7117E48C97}.Debug|Any CPU.ActiveCfg = Debug|Any CPU
		{DCB8508B-D546-4DF5-8670-DB7117E48C97}.Debug|Any CPU.Build.0 = Debug|Any CPU
		{DCB8508B-D546-4DF5-8670-DB7117E48C97}.Release|Any CPU.ActiveCfg = Release|Any CPU
		{DCB8508B-D546-4DF5-8670-DB7117E48C97}.Release|Any CPU.Build.0 = Release|Any CPU
		{1296B7B0-2659-4F7E-A087-B4DA96C12E94}.Debug|Any CPU.ActiveCfg = Debug|Any CPU
		{1296B7B0-2659-4F7E-A087-B4DA96C12E94}.Debug|Any CPU.Build.0 = Debug|Any CPU
		{1296B7B0-2659-4F7E-A087-B4DA96C12E94}.Release|Any CPU.ActiveCfg = Release|Any CPU
		{1296B7B0-2659-4F7E-A087-B4DA96C12E94}.Release|Any CPU.Build.0 = Release|Any CPU
	EndGlobalSection
	GlobalSection(SolutionProperties) = preSolution
		HideSolutionNode = FALSE
	EndGlobalSection
	GlobalSection(NestedProjects) = preSolution
		{6C607378-9866-4786-AE8B-DFFE56A7CC6E} = {33E1CA6A-250F-49E9-8102-27467A4B4061}
		{C2354B62-5AE7-4171-92DF-808182EC0C84} = {33E1CA6A-250F-49E9-8102-27467A4B4061}
		{2FE85DF6-574C-4697-A2A4-5960D89D739F} = {33E1CA6A-250F-49E9-8102-27467A4B4061}
		{C532D3A3-1B6A-49CC-855A-DD6C0C03AB97} = {33E1CA6A-250F-49E9-8102-27467A4B4061}
		{02DBCECB-13EB-4B55-B8A1-859018B95189} = {33E1CA6A-250F-49E9-8102-27467A4B4061}
		{B74EFC97-B25D-45FF-B7C7-42BAE8A1C9A0} = {33E1CA6A-250F-49E9-8102-27467A4B4061}
		{833990EC-96CB-4944-8C1B-1CB95FA6A843} = {33E1CA6A-250F-49E9-8102-27467A4B4061}
		{8C7FEE31-E6B6-48CD-9B6D-F1102C206DFC} = {33E1CA6A-250F-49E9-8102-27467A4B4061}
		{6DF88C5C-5247-449A-B43C-C84D382540D2} = {33E1CA6A-250F-49E9-8102-27467A4B4061}
		{BFC4953E-C4E5-4231-B115-DDDF658E5327} = {33E1CA6A-250F-49E9-8102-27467A4B4061}
		{2D0E65E2-000C-4E0F-A363-9E0341049FBE} = {33E1CA6A-250F-49E9-8102-27467A4B4061}
		{D766EA44-034E-4A89-8553-3AD2A76F6F76} = {33E1CA6A-250F-49E9-8102-27467A4B4061}
		{9152AA05-10C8-4ECC-9295-41D69644D12C} = {33E1CA6A-250F-49E9-8102-27467A4B4061}
		{11D0BC8D-E512-42C2-9759-C7E7AA1AEE20} = {33E1CA6A-250F-49E9-8102-27467A4B4061}
		{9AA58A01-55EB-4632-8348-E0F2197020C5} = {33E1CA6A-250F-49E9-8102-27467A4B4061}
		{DCB8508B-D546-4DF5-8670-DB7117E48C97} = {33E1CA6A-250F-49E9-8102-27467A4B4061}
		{1296B7B0-2659-4F7E-A087-B4DA96C12E94} = {33E1CA6A-250F-49E9-8102-27467A4B4061}
	EndGlobalSection
	GlobalSection(ExtensibilityGlobals) = postSolution
		SolutionGuid = {EA2D2B19-81BE-4254-B42D-1F8BEF9BDD53}
	EndGlobalSection
EndGlobal
